
Microsoft Visual Studio Solution File, Format Version 12.00
Project("{FAE04EC0-301F-11D3-BF4B-00C04F79EFBC}") = "Day.01", "Day.01\Day.01.csproj", "{A0D119FB-6942-473C-AB94-75159EC37E79}"
EndProject
Project("{2150E333-8FDC-42A3-9474-1A3956D46DE8}") = "Tests", "Tests", "{F1F66C93-D56C-46C3-8E28-CCDD39C305DA}"
EndProject
Project("{FAE04EC0-301F-11D3-BF4B-00C04F79EFBC}") = "Day.01.Tests", "Day.01.Tests\Day.01.Tests.csproj", "{1B951858-25D8-473D-AB2B-6EE8E94A59CF}"
EndProject
Project("{FAE04EC0-301F-11D3-BF4B-00C04F79EFBC}") = "Day.02", "Day.02\Day.02.csproj", "{26FD7DB1-1F2F-4761-B90D-5148340D2B1C}"
EndProject
Project("{FAE04EC0-301F-11D3-BF4B-00C04F79EFBC}") = "Day.02.Tests", "Day.02.Tests\Day.02.Tests.csproj", "{E2837CB9-3055-4F7D-8448-A36ED56B35A7}"
EndProject
Project("{FAE04EC0-301F-11D3-BF4B-00C04F79EFBC}") = "Day.03", "Day.03\Day.03.csproj", "{960C5575-0A21-4F61-A720-EA0E6CFCCB8C}"
EndProject
Project("{FAE04EC0-301F-11D3-BF4B-00C04F79EFBC}") = "Day.03.Tests", "Day.03.Tests\Day.03.Tests.csproj", "{92DE8541-C03E-4C1E-981F-FDAD032AAE7C}"
EndProject
Project("{FAE04EC0-301F-11D3-BF4B-00C04F79EFBC}") = "Day.04", "Day.04\Day.04.csproj", "{248E3E3B-BA51-41F2-A886-0325045CF3C1}"
EndProject
Project("{FAE04EC0-301F-11D3-BF4B-00C04F79EFBC}") = "Day.04.Tests", "Day.04.Tests\Day.04.Tests.csproj", "{931BF9EB-ED77-404A-899B-365B7C1219A0}"
EndProject
Project("{FAE04EC0-301F-11D3-BF4B-00C04F79EFBC}") = "Day.05", "Day.05\Day.05.csproj", "{0E75E4B3-9353-45BF-893C-F0877363C9AA}"
EndProject
Project("{FAE04EC0-301F-11D3-BF4B-00C04F79EFBC}") = "Day.05.Tests", "Day.05.Tests\Day.05.Tests.csproj", "{E9F995E9-DEE9-47BD-A2E9-9799E20F27C6}"
EndProject
Global
	GlobalSection(SolutionConfigurationPlatforms) = preSolution
		Debug|Any CPU = Debug|Any CPU
		Release|Any CPU = Release|Any CPU
	EndGlobalSection
	GlobalSection(ProjectConfigurationPlatforms) = postSolution
		{A0D119FB-6942-473C-AB94-75159EC37E79}.Debug|Any CPU.ActiveCfg = Debug|Any CPU
		{A0D119FB-6942-473C-AB94-75159EC37E79}.Debug|Any CPU.Build.0 = Debug|Any CPU
		{A0D119FB-6942-473C-AB94-75159EC37E79}.Release|Any CPU.ActiveCfg = Release|Any CPU
		{A0D119FB-6942-473C-AB94-75159EC37E79}.Release|Any CPU.Build.0 = Release|Any CPU
		{1B951858-25D8-473D-AB2B-6EE8E94A59CF}.Debug|Any CPU.ActiveCfg = Debug|Any CPU
		{1B951858-25D8-473D-AB2B-6EE8E94A59CF}.Debug|Any CPU.Build.0 = Debug|Any CPU
		{1B951858-25D8-473D-AB2B-6EE8E94A59CF}.Release|Any CPU.ActiveCfg = Release|Any CPU
		{1B951858-25D8-473D-AB2B-6EE8E94A59CF}.Release|Any CPU.Build.0 = Release|Any CPU
		{26FD7DB1-1F2F-4761-B90D-5148340D2B1C}.Debug|Any CPU.ActiveCfg = Debug|Any CPU
		{26FD7DB1-1F2F-4761-B90D-5148340D2B1C}.Debug|Any CPU.Build.0 = Debug|Any CPU
		{26FD7DB1-1F2F-4761-B90D-5148340D2B1C}.Release|Any CPU.ActiveCfg = Release|Any CPU
		{26FD7DB1-1F2F-4761-B90D-5148340D2B1C}.Release|Any CPU.Build.0 = Release|Any CPU
		{E2837CB9-3055-4F7D-8448-A36ED56B35A7}.Debug|Any CPU.ActiveCfg = Debug|Any CPU
		{E2837CB9-3055-4F7D-8448-A36ED56B35A7}.Debug|Any CPU.Build.0 = Debug|Any CPU
		{E2837CB9-3055-4F7D-8448-A36ED56B35A7}.Release|Any CPU.ActiveCfg = Release|Any CPU
		{E2837CB9-3055-4F7D-8448-A36ED56B35A7}.Release|Any CPU.Build.0 = Release|Any CPU
		{960C5575-0A21-4F61-A720-EA0E6CFCCB8C}.Debug|Any CPU.ActiveCfg = Debug|Any CPU
		{960C5575-0A21-4F61-A720-EA0E6CFCCB8C}.Debug|Any CPU.Build.0 = Debug|Any CPU
		{960C5575-0A21-4F61-A720-EA0E6CFCCB8C}.Release|Any CPU.ActiveCfg = Release|Any CPU
		{960C5575-0A21-4F61-A720-EA0E6CFCCB8C}.Release|Any CPU.Build.0 = Release|Any CPU
		{92DE8541-C03E-4C1E-981F-FDAD032AAE7C}.Debug|Any CPU.ActiveCfg = Debug|Any CPU
		{92DE8541-C03E-4C1E-981F-FDAD032AAE7C}.Debug|Any CPU.Build.0 = Debug|Any CPU
		{92DE8541-C03E-4C1E-981F-FDAD032AAE7C}.Release|Any CPU.ActiveCfg = Release|Any CPU
		{92DE8541-C03E-4C1E-981F-FDAD032AAE7C}.Release|Any CPU.Build.0 = Release|Any CPU
		{248E3E3B-BA51-41F2-A886-0325045CF3C1}.Debug|Any CPU.ActiveCfg = Debug|Any CPU
		{248E3E3B-BA51-41F2-A886-0325045CF3C1}.Debug|Any CPU.Build.0 = Debug|Any CPU
		{248E3E3B-BA51-41F2-A886-0325045CF3C1}.Release|Any CPU.ActiveCfg = Release|Any CPU
		{248E3E3B-BA51-41F2-A886-0325045CF3C1}.Release|Any CPU.Build.0 = Release|Any CPU
		{931BF9EB-ED77-404A-899B-365B7C1219A0}.Debug|Any CPU.ActiveCfg = Debug|Any CPU
		{931BF9EB-ED77-404A-899B-365B7C1219A0}.Debug|Any CPU.Build.0 = Debug|Any CPU
		{931BF9EB-ED77-404A-899B-365B7C1219A0}.Release|Any CPU.ActiveCfg = Release|Any CPU
		{931BF9EB-ED77-404A-899B-365B7C1219A0}.Release|Any CPU.Build.0 = Release|Any CPU
		{0E75E4B3-9353-45BF-893C-F0877363C9AA}.Debug|Any CPU.ActiveCfg = Debug|Any CPU
		{0E75E4B3-9353-45BF-893C-F0877363C9AA}.Debug|Any CPU.Build.0 = Debug|Any CPU
		{0E75E4B3-9353-45BF-893C-F0877363C9AA}.Release|Any CPU.ActiveCfg = Release|Any CPU
		{0E75E4B3-9353-45BF-893C-F0877363C9AA}.Release|Any CPU.Build.0 = Release|Any CPU
		{E9F995E9-DEE9-47BD-A2E9-9799E20F27C6}.Debug|Any CPU.ActiveCfg = Debug|Any CPU
		{E9F995E9-DEE9-47BD-A2E9-9799E20F27C6}.Debug|Any CPU.Build.0 = Debug|Any CPU
		{E9F995E9-DEE9-47BD-A2E9-9799E20F27C6}.Release|Any CPU.ActiveCfg = Release|Any CPU
		{E9F995E9-DEE9-47BD-A2E9-9799E20F27C6}.Release|Any CPU.Build.0 = Release|Any CPU
	EndGlobalSection
	GlobalSection(NestedProjects) = preSolution
		{1B951858-25D8-473D-AB2B-6EE8E94A59CF} = {F1F66C93-D56C-46C3-8E28-CCDD39C305DA}
		{E2837CB9-3055-4F7D-8448-A36ED56B35A7} = {F1F66C93-D56C-46C3-8E28-CCDD39C305DA}
		{92DE8541-C03E-4C1E-981F-FDAD032AAE7C} = {F1F66C93-D56C-46C3-8E28-CCDD39C305DA}
		{931BF9EB-ED77-404A-899B-365B7C1219A0} = {F1F66C93-D56C-46C3-8E28-CCDD39C305DA}
		{E9F995E9-DEE9-47BD-A2E9-9799E20F27C6} = {F1F66C93-D56C-46C3-8E28-CCDD39C305DA}
	EndGlobalSection
EndGlobal
